
Microsoft Visual Studio Solution File, Format Version 12.00
# Visual Studio Version 16
VisualStudioVersion = 16.0.30907.101
MinimumVisualStudioVersion = 10.0.40219.1
Project("{FAE04EC0-301F-11D3-BF4B-00C04F79EFBC}") = "IntroToWebApps.Core5", "IntroToWebApps5\IntroToWebApps.Core5.csproj", "{739DE0F6-9484-4A44-AFE6-CC0CC7C4B5C9}"
EndProject
Project("{FAE04EC0-301F-11D3-BF4B-00C04F79EFBC}") = "IntroToWebApps5.Static", "IntroToWebApps5.Static\IntroToWebApps5.Static.csproj", "{3436B6CF-DDEF-499F-B53D-13777D4D6F66}"
EndProject
Project("{FAE04EC0-301F-11D3-BF4B-00C04F79EFBC}") = "IntroToWebApps5.WebForms", "IntroToWebApps5.WebForms\IntroToWebApps5.WebForms.csproj", "{B8A3E215-20FF-48FD-B57D-9AE75929F9E6}"
EndProject
Global
	GlobalSection(SolutionConfigurationPlatforms) = preSolution
		Debug|Any CPU = Debug|Any CPU
		Release|Any CPU = Release|Any CPU
	EndGlobalSection
	GlobalSection(ProjectConfigurationPlatforms) = postSolution
		{739DE0F6-9484-4A44-AFE6-CC0CC7C4B5C9}.Debug|Any CPU.ActiveCfg = Debug|Any CPU
		{739DE0F6-9484-4A44-AFE6-CC0CC7C4B5C9}.Debug|Any CPU.Build.0 = Debug|Any CPU
		{739DE0F6-9484-4A44-AFE6-CC0CC7C4B5C9}.Release|Any CPU.ActiveCfg = Release|Any CPU
		{739DE0F6-9484-4A44-AFE6-CC0CC7C4B5C9}.Release|Any CPU.Build.0 = Release|Any CPU
		{3436B6CF-DDEF-499F-B53D-13777D4D6F66}.Debug|Any CPU.ActiveCfg = Debug|Any CPU
		{3436B6CF-DDEF-499F-B53D-13777D4D6F66}.Debug|Any CPU.Build.0 = Debug|Any CPU
		{3436B6CF-DDEF-499F-B53D-13777D4D6F66}.Release|Any CPU.ActiveCfg = Release|Any CPU
		{3436B6CF-DDEF-499F-B53D-13777D4D6F66}.Release|Any CPU.Build.0 = Release|Any CPU
		{B8A3E215-20FF-48FD-B57D-9AE75929F9E6}.Debug|Any CPU.ActiveCfg = Debug|Any CPU
		{B8A3E215-20FF-48FD-B57D-9AE75929F9E6}.Debug|Any CPU.Build.0 = Debug|Any CPU
		{B8A3E215-20FF-48FD-B57D-9AE75929F9E6}.Release|Any CPU.ActiveCfg = Release|Any CPU
		{B8A3E215-20FF-48FD-B57D-9AE75929F9E6}.Release|Any CPU.Build.0 = Release|Any CPU
	EndGlobalSection
	GlobalSection(SolutionProperties) = preSolution
		HideSolutionNode = FALSE
	EndGlobalSection
	GlobalSection(ExtensibilityGlobals) = postSolution
		SolutionGuid = {A9BF3295-58D3-4D22-91F8-6FD888D576CD}
	EndGlobalSection
EndGlobal
