
Microsoft Visual Studio Solution File, Format Version 12.00
# Visual Studio Version 17
VisualStudioVersion = 17.0.32014.148
MinimumVisualStudioVersion = 10.0.40219.1
Project("{FAE04EC0-301F-11D3-BF4B-00C04F79EFBC}") = "IntroToWebApplications.6", "IntroToWebApplications.6\IntroToWebApplications.6.csproj", "{B381FFAF-D9FE-445B-9DA0-63C4CEB47A0C}"
EndProject
Project("{FAE04EC0-301F-11D3-BF4B-00C04F79EFBC}") = "IntroToWebApplications.5", "IntroToWebApplications.5\IntroToWebApplications.5.csproj", "{DC60675E-75F3-4241-8DA2-CF195E53CA47}"
EndProject
Project("{FAE04EC0-301F-11D3-BF4B-00C04F79EFBC}") = "IntroToWebApplications.Static", "IntroToWebApplications.Static\IntroToWebApplications.Static.csproj", "{3B0A592C-6644-403B-9992-6A2D05E22B05}"
EndProject
Global
	GlobalSection(SolutionConfigurationPlatforms) = preSolution
		Debug|Any CPU = Debug|Any CPU
		Release|Any CPU = Release|Any CPU
	EndGlobalSection
	GlobalSection(ProjectConfigurationPlatforms) = postSolution
		{B381FFAF-D9FE-445B-9DA0-63C4CEB47A0C}.Debug|Any CPU.ActiveCfg = Debug|Any CPU
		{B381FFAF-D9FE-445B-9DA0-63C4CEB47A0C}.Debug|Any CPU.Build.0 = Debug|Any CPU
		{B381FFAF-D9FE-445B-9DA0-63C4CEB47A0C}.Release|Any CPU.ActiveCfg = Release|Any CPU
		{B381FFAF-D9FE-445B-9DA0-63C4CEB47A0C}.Release|Any CPU.Build.0 = Release|Any CPU
		{DC60675E-75F3-4241-8DA2-CF195E53CA47}.Debug|Any CPU.ActiveCfg = Debug|Any CPU
		{DC60675E-75F3-4241-8DA2-CF195E53CA47}.Debug|Any CPU.Build.0 = Debug|Any CPU
		{DC60675E-75F3-4241-8DA2-CF195E53CA47}.Release|Any CPU.ActiveCfg = Release|Any CPU
		{DC60675E-75F3-4241-8DA2-CF195E53CA47}.Release|Any CPU.Build.0 = Release|Any CPU
		{3B0A592C-6644-403B-9992-6A2D05E22B05}.Debug|Any CPU.ActiveCfg = Debug|Any CPU
		{3B0A592C-6644-403B-9992-6A2D05E22B05}.Debug|Any CPU.Build.0 = Debug|Any CPU
		{3B0A592C-6644-403B-9992-6A2D05E22B05}.Release|Any CPU.ActiveCfg = Release|Any CPU
		{3B0A592C-6644-403B-9992-6A2D05E22B05}.Release|Any CPU.Build.0 = Release|Any CPU
	EndGlobalSection
	GlobalSection(SolutionProperties) = preSolution
		HideSolutionNode = FALSE
	EndGlobalSection
	GlobalSection(ExtensibilityGlobals) = postSolution
		SolutionGuid = {2337ECB0-BB73-4179-BA5B-D7FCD0A584AB}
	EndGlobalSection
EndGlobal
